
Microsoft Visual Studio Solution File, Format Version 12.00
# Visual Studio Version 17
VisualStudioVersion = 17.1.32113.165
MinimumVisualStudioVersion = 10.0.40219.1
Project("{FAE04EC0-301F-11D3-BF4B-00C04F79EFBC}") = "EntityFrameworkCoreExample", "EntityFrameworkCoreExample\EntityFrameworkCoreExample.csproj", "{E6A344BB-72C7-4376-B1C1-115B6035454D}"
EndProject
Global
	GlobalSection(SolutionConfigurationPlatforms) = preSolution
		Debug|Any CPU = Debug|Any CPU
		Release|Any CPU = Release|Any CPU
	EndGlobalSection
	GlobalSection(ProjectConfigurationPlatforms) = postSolution
		{E6A344BB-72C7-4376-B1C1-115B6035454D}.Debug|Any CPU.ActiveCfg = Debug|Any CPU
		{E6A344BB-72C7-4376-B1C1-115B6035454D}.Debug|Any CPU.Build.0 = Debug|Any CPU
		{E6A344BB-72C7-4376-B1C1-115B6035454D}.Release|Any CPU.ActiveCfg = Release|Any CPU
		{E6A344BB-72C7-4376-B1C1-115B6035454D}.Release|Any CPU.Build.0 = Release|Any CPU
	EndGlobalSection
	GlobalSection(SolutionProperties) = preSolution
		HideSolutionNode = FALSE
	EndGlobalSection
	GlobalSection(ExtensibilityGlobals) = postSolution
		SolutionGuid = {91ACEDC1-A0C7-40CA-88CC-3CC726B10A4A}
	EndGlobalSection
EndGlobal
